
Microsoft Visual Studio Solution File, Format Version 12.00
# Visual Studio Version 16
VisualStudioVersion = 16.0.31515.178
MinimumVisualStudioVersion = 10.0.40219.1
Project("{FAE04EC0-301F-11D3-BF4B-00C04F79EFBC}") = "aula_20_desafio_2", "aula_20_desafio_2\aula_20_desafio_2.csproj", "{34B8DE6F-030E-4CF4-920A-36D5AFC88DCB}"
EndProject
Global
	GlobalSection(SolutionConfigurationPlatforms) = preSolution
		Debug|Any CPU = Debug|Any CPU
		Release|Any CPU = Release|Any CPU
	EndGlobalSection
	GlobalSection(ProjectConfigurationPlatforms) = postSolution
		{34B8DE6F-030E-4CF4-920A-36D5AFC88DCB}.Debug|Any CPU.ActiveCfg = Debug|Any CPU
		{34B8DE6F-030E-4CF4-920A-36D5AFC88DCB}.Debug|Any CPU.Build.0 = Debug|Any CPU
		{34B8DE6F-030E-4CF4-920A-36D5AFC88DCB}.Release|Any CPU.ActiveCfg = Release|Any CPU
		{34B8DE6F-030E-4CF4-920A-36D5AFC88DCB}.Release|Any CPU.Build.0 = Release|Any CPU
	EndGlobalSection
	GlobalSection(SolutionProperties) = preSolution
		HideSolutionNode = FALSE
	EndGlobalSection
	GlobalSection(ExtensibilityGlobals) = postSolution
		SolutionGuid = {73D5E595-4ECF-4EC4-899C-6E592FE69EDC}
	EndGlobalSection
EndGlobal
